
Microsoft Visual Studio Solution File, Format Version 12.00
# Visual Studio Version 16
VisualStudioVersion = 16.0.30611.23
MinimumVisualStudioVersion = 10.0.40219.1
Project("{9A19103F-16F7-4668-BE54-9A1E7A4F7556}") = "Практика", "Практика 1\Практика.csproj", "{B85F10C1-D141-484B-9BBF-C30CF087FA73}"
EndProject
Global
	GlobalSection(SolutionConfigurationPlatforms) = preSolution
		Debug|Any CPU = Debug|Any CPU
		Release|Any CPU = Release|Any CPU
	EndGlobalSection
	GlobalSection(ProjectConfigurationPlatforms) = postSolution
		{B85F10C1-D141-484B-9BBF-C30CF087FA73}.Debug|Any CPU.ActiveCfg = Debug|Any CPU
		{B85F10C1-D141-484B-9BBF-C30CF087FA73}.Debug|Any CPU.Build.0 = Debug|Any CPU
		{B85F10C1-D141-484B-9BBF-C30CF087FA73}.Release|Any CPU.ActiveCfg = Release|Any CPU
		{B85F10C1-D141-484B-9BBF-C30CF087FA73}.Release|Any CPU.Build.0 = Release|Any CPU
	EndGlobalSection
	GlobalSection(SolutionProperties) = preSolution
		HideSolutionNode = FALSE
	EndGlobalSection
	GlobalSection(ExtensibilityGlobals) = postSolution
		SolutionGuid = {4C292F25-197C-4F6E-9EBC-6F1D79BF0954}
	EndGlobalSection
EndGlobal
